# This file is automatically @generated by Cargo.
# It is not intended for manual editing.
version = 3

[[package]]
name = "escapement-app"
version = "0.0.0"
dependencies = [
 "escapement-model",
 "escapement-render",
]

[[package]]
name = "escapement-core"
version = "0.0.0"

[[package]]
name = "escapement-model"
version = "0.0.0"

[[package]]
name = "escapement-render"
version = "0.0.0"

[[package]]
name = "escapement-worklet"
version = "0.0.0"
dependencies = [
 "escapement-core",
]
